
Microsoft Visual Studio Solution File, Format Version 12.00
# Visual Studio 14
VisualStudioVersion = 14.0.25420.1
MinimumVisualStudioVersion = 10.0.40219.1
Project("{FAE04EC0-301F-11D3-BF4B-00C04F79EFBC}") = "ShuPing.Entity", "ShuPing.Entity\ShuPing.Entity.csproj", "{F2CD46D8-4875-49A7-B8E5-BCF5B844F2C5}"
EndProject
Project("{FAE04EC0-301F-11D3-BF4B-00C04F79EFBC}") = "ShuPing.Infrastructure", "ShuPing.Infrastructure\ShuPing.Infrastructure.csproj", "{80A4878D-0076-4E04-8804-F3F5DCC56D7C}"
EndProject
Project("{FAE04EC0-301F-11D3-BF4B-00C04F79EFBC}") = "ShuPing.WebApi", "ShuPing.WebApi\ShuPing.WebApi.csproj", "{9C0BE858-F239-417C-BCCF-48F738DA69F0}"
EndProject
Project("{FAE04EC0-301F-11D3-BF4B-00C04F79EFBC}") = "ShuPing.WebApi.Tests", "ShuPing.WebApi.Tests\ShuPing.WebApi.Tests.csproj", "{96C52169-1147-4582-B765-0EF46138D8AE}"
EndProject
Project("{FAE04EC0-301F-11D3-BF4B-00C04F79EFBC}") = "ShuPing.Interface", "ShuPing.Interface\ShuPing.Interface.csproj", "{E5BA3A56-640D-4C2C-B5B4-F10FE7448288}"
EndProject
Project("{FAE04EC0-301F-11D3-BF4B-00C04F79EFBC}") = "ShuPing.Data", "ShuPing.Data\ShuPing.Data.csproj", "{5A9CCD24-B4F6-406A-8829-2C84059F615C}"
EndProject
Project("{FAE04EC0-301F-11D3-BF4B-00C04F79EFBC}") = "ShuPing.Mapping", "ShuPing.Mapping\ShuPing.Mapping.csproj", "{219892C3-2690-463F-B1ED-FD5ECBBD592F}"
EndProject
Project("{FAE04EC0-301F-11D3-BF4B-00C04F79EFBC}") = "ShuPing.RepositoryBase", "ShuPing.RepositoryBase\ShuPing.RepositoryBase.csproj", "{3C56D5CF-141D-4887-B722-C75075F18842}"
EndProject
Project("{FAE04EC0-301F-11D3-BF4B-00C04F79EFBC}") = "ShuPing.Code", "ShuPing.Code\ShuPing.Code.csproj", "{BB1435A7-CC3F-4012-9AAC-9F6FCF75AAC9}"
EndProject
Project("{FAE04EC0-301F-11D3-BF4B-00C04F79EFBC}") = "ShuPing.Application", "ShuPing.Application\ShuPing.Application.csproj", "{ED9A657D-7A91-4A9D-BECC-32E16ED8309F}"
EndProject
Project("{FAE04EC0-301F-11D3-BF4B-00C04F79EFBC}") = "ShuPing.Repository", "ShuPing.Repository\ShuPing.Repository.csproj", "{48D8F961-3352-4A8E-ADBC-5EC9AE0A333B}"
EndProject
Global
	GlobalSection(SolutionConfigurationPlatforms) = preSolution
		Debug|Any CPU = Debug|Any CPU
		Release|Any CPU = Release|Any CPU
	EndGlobalSection
	GlobalSection(ProjectConfigurationPlatforms) = postSolution
		{F2CD46D8-4875-49A7-B8E5-BCF5B844F2C5}.Debug|Any CPU.ActiveCfg = Debug|Any CPU
		{F2CD46D8-4875-49A7-B8E5-BCF5B844F2C5}.Debug|Any CPU.Build.0 = Debug|Any CPU
		{F2CD46D8-4875-49A7-B8E5-BCF5B844F2C5}.Release|Any CPU.ActiveCfg = Release|Any CPU
		{F2CD46D8-4875-49A7-B8E5-BCF5B844F2C5}.Release|Any CPU.Build.0 = Release|Any CPU
		{80A4878D-0076-4E04-8804-F3F5DCC56D7C}.Debug|Any CPU.ActiveCfg = Debug|Any CPU
		{80A4878D-0076-4E04-8804-F3F5DCC56D7C}.Debug|Any CPU.Build.0 = Debug|Any CPU
		{80A4878D-0076-4E04-8804-F3F5DCC56D7C}.Release|Any CPU.ActiveCfg = Release|Any CPU
		{80A4878D-0076-4E04-8804-F3F5DCC56D7C}.Release|Any CPU.Build.0 = Release|Any CPU
		{9C0BE858-F239-417C-BCCF-48F738DA69F0}.Debug|Any CPU.ActiveCfg = Debug|Any CPU
		{9C0BE858-F239-417C-BCCF-48F738DA69F0}.Debug|Any CPU.Build.0 = Debug|Any CPU
		{9C0BE858-F239-417C-BCCF-48F738DA69F0}.Release|Any CPU.ActiveCfg = Release|Any CPU
		{9C0BE858-F239-417C-BCCF-48F738DA69F0}.Release|Any CPU.Build.0 = Release|Any CPU
		{96C52169-1147-4582-B765-0EF46138D8AE}.Debug|Any CPU.ActiveCfg = Debug|Any CPU
		{96C52169-1147-4582-B765-0EF46138D8AE}.Debug|Any CPU.Build.0 = Debug|Any CPU
		{96C52169-1147-4582-B765-0EF46138D8AE}.Release|Any CPU.ActiveCfg = Release|Any CPU
		{96C52169-1147-4582-B765-0EF46138D8AE}.Release|Any CPU.Build.0 = Release|Any CPU
		{E5BA3A56-640D-4C2C-B5B4-F10FE7448288}.Debug|Any CPU.ActiveCfg = Debug|Any CPU
		{E5BA3A56-640D-4C2C-B5B4-F10FE7448288}.Debug|Any CPU.Build.0 = Debug|Any CPU
		{E5BA3A56-640D-4C2C-B5B4-F10FE7448288}.Release|Any CPU.ActiveCfg = Release|Any CPU
		{E5BA3A56-640D-4C2C-B5B4-F10FE7448288}.Release|Any CPU.Build.0 = Release|Any CPU
		{5A9CCD24-B4F6-406A-8829-2C84059F615C}.Debug|Any CPU.ActiveCfg = Debug|Any CPU
		{5A9CCD24-B4F6-406A-8829-2C84059F615C}.Debug|Any CPU.Build.0 = Debug|Any CPU
		{5A9CCD24-B4F6-406A-8829-2C84059F615C}.Release|Any CPU.ActiveCfg = Release|Any CPU
		{5A9CCD24-B4F6-406A-8829-2C84059F615C}.Release|Any CPU.Build.0 = Release|Any CPU
		{219892C3-2690-463F-B1ED-FD5ECBBD592F}.Debug|Any CPU.ActiveCfg = Debug|Any CPU
		{219892C3-2690-463F-B1ED-FD5ECBBD592F}.Debug|Any CPU.Build.0 = Debug|Any CPU
		{219892C3-2690-463F-B1ED-FD5ECBBD592F}.Release|Any CPU.ActiveCfg = Release|Any CPU
		{219892C3-2690-463F-B1ED-FD5ECBBD592F}.Release|Any CPU.Build.0 = Release|Any CPU
		{3C56D5CF-141D-4887-B722-C75075F18842}.Debug|Any CPU.ActiveCfg = Debug|Any CPU
		{3C56D5CF-141D-4887-B722-C75075F18842}.Debug|Any CPU.Build.0 = Debug|Any CPU
		{3C56D5CF-141D-4887-B722-C75075F18842}.Release|Any CPU.ActiveCfg = Release|Any CPU
		{3C56D5CF-141D-4887-B722-C75075F18842}.Release|Any CPU.Build.0 = Release|Any CPU
		{BB1435A7-CC3F-4012-9AAC-9F6FCF75AAC9}.Debug|Any CPU.ActiveCfg = Debug|Any CPU
		{BB1435A7-CC3F-4012-9AAC-9F6FCF75AAC9}.Debug|Any CPU.Build.0 = Debug|Any CPU
		{BB1435A7-CC3F-4012-9AAC-9F6FCF75AAC9}.Release|Any CPU.ActiveCfg = Release|Any CPU
		{BB1435A7-CC3F-4012-9AAC-9F6FCF75AAC9}.Release|Any CPU.Build.0 = Release|Any CPU
		{ED9A657D-7A91-4A9D-BECC-32E16ED8309F}.Debug|Any CPU.ActiveCfg = Debug|Any CPU
		{ED9A657D-7A91-4A9D-BECC-32E16ED8309F}.Debug|Any CPU.Build.0 = Debug|Any CPU
		{ED9A657D-7A91-4A9D-BECC-32E16ED8309F}.Release|Any CPU.ActiveCfg = Release|Any CPU
		{ED9A657D-7A91-4A9D-BECC-32E16ED8309F}.Release|Any CPU.Build.0 = Release|Any CPU
		{48D8F961-3352-4A8E-ADBC-5EC9AE0A333B}.Debug|Any CPU.ActiveCfg = Debug|Any CPU
		{48D8F961-3352-4A8E-ADBC-5EC9AE0A333B}.Debug|Any CPU.Build.0 = Debug|Any CPU
		{48D8F961-3352-4A8E-ADBC-5EC9AE0A333B}.Release|Any CPU.ActiveCfg = Release|Any CPU
		{48D8F961-3352-4A8E-ADBC-5EC9AE0A333B}.Release|Any CPU.Build.0 = Release|Any CPU
	EndGlobalSection
	GlobalSection(SolutionProperties) = preSolution
		HideSolutionNode = FALSE
	EndGlobalSection
EndGlobal
